
Microsoft Visual Studio Solution File, Format Version 12.00
# Visual Studio Version 17
VisualStudioVersion = 17.10.35122.118
MinimumVisualStudioVersion = 10.0.40219.1
Project("{9A19103F-16F7-4668-BE54-9A1E7A4F7556}") = "AwesomeCatApi", "AwesomeCatApi.csproj", "{F6DE584C-9148-4646-B681-FF7DA07BB6DD}"
EndProject
Project("{FAE04EC0-301F-11D3-BF4B-00C04F79EFBC}") = "AwesomeCatApiTests", "..\AwesomeCatApiTests\AwesomeCatApiTests.csproj", "{3EEDE782-AABD-446B-9E44-021AD6EE3B23}"
EndProject
Global
	GlobalSection(SolutionConfigurationPlatforms) = preSolution
		Debug|Any CPU = Debug|Any CPU
		Release|Any CPU = Release|Any CPU
	EndGlobalSection
	GlobalSection(ProjectConfigurationPlatforms) = postSolution
		{F6DE584C-9148-4646-B681-FF7DA07BB6DD}.Debug|Any CPU.ActiveCfg = Debug|Any CPU
		{F6DE584C-9148-4646-B681-FF7DA07BB6DD}.Debug|Any CPU.Build.0 = Debug|Any CPU
		{F6DE584C-9148-4646-B681-FF7DA07BB6DD}.Release|Any CPU.ActiveCfg = Release|Any CPU
		{F6DE584C-9148-4646-B681-FF7DA07BB6DD}.Release|Any CPU.Build.0 = Release|Any CPU
		{3EEDE782-AABD-446B-9E44-021AD6EE3B23}.Debug|Any CPU.ActiveCfg = Debug|Any CPU
		{3EEDE782-AABD-446B-9E44-021AD6EE3B23}.Debug|Any CPU.Build.0 = Debug|Any CPU
		{3EEDE782-AABD-446B-9E44-021AD6EE3B23}.Release|Any CPU.ActiveCfg = Release|Any CPU
		{3EEDE782-AABD-446B-9E44-021AD6EE3B23}.Release|Any CPU.Build.0 = Release|Any CPU
	EndGlobalSection
	GlobalSection(SolutionProperties) = preSolution
		HideSolutionNode = FALSE
	EndGlobalSection
	GlobalSection(ExtensibilityGlobals) = postSolution
		SolutionGuid = {D75098A3-9290-4973-872F-649B7192A0A0}
	EndGlobalSection
EndGlobal
